
Microsoft Visual Studio Solution File, Format Version 12.00
# Visual Studio Version 16
VisualStudioVersion = 16.0.29519.87
MinimumVisualStudioVersion = 10.0.40219.1
Project("{FAE04EC0-301F-11D3-BF4B-00C04F79EFBC}") = "XamarinTeste2.Android", "XamarinTeste2\XamarinTeste2.Android\XamarinTeste2.Android.csproj", "{F4727D80-F629-4DCB-92E9-88A2093527DD}"
EndProject
Project("{FAE04EC0-301F-11D3-BF4B-00C04F79EFBC}") = "XamarinTeste2.iOS", "XamarinTeste2\XamarinTeste2.iOS\XamarinTeste2.iOS.csproj", "{C85D2616-80FB-48B5-B956-EC51F0AB226A}"
EndProject
Project("{FAE04EC0-301F-11D3-BF4B-00C04F79EFBC}") = "XamarinTeste2", "XamarinTeste2\XamarinTeste2\XamarinTeste2.csproj", "{2EA09ED6-1916-4C57-BA0C-FCE765607A12}"
EndProject
Global
	GlobalSection(SolutionConfigurationPlatforms) = preSolution
		Debug|Any CPU = Debug|Any CPU
		Debug|iPhone = Debug|iPhone
		Debug|iPhoneSimulator = Debug|iPhoneSimulator
		Release|Any CPU = Release|Any CPU
		Release|iPhone = Release|iPhone
		Release|iPhoneSimulator = Release|iPhoneSimulator
	EndGlobalSection
	GlobalSection(ProjectConfigurationPlatforms) = postSolution
		{F4727D80-F629-4DCB-92E9-88A2093527DD}.Debug|Any CPU.ActiveCfg = Debug|Any CPU
		{F4727D80-F629-4DCB-92E9-88A2093527DD}.Debug|Any CPU.Build.0 = Debug|Any CPU
		{F4727D80-F629-4DCB-92E9-88A2093527DD}.Debug|Any CPU.Deploy.0 = Debug|Any CPU
		{F4727D80-F629-4DCB-92E9-88A2093527DD}.Debug|iPhone.ActiveCfg = Debug|Any CPU
		{F4727D80-F629-4DCB-92E9-88A2093527DD}.Debug|iPhone.Build.0 = Debug|Any CPU
		{F4727D80-F629-4DCB-92E9-88A2093527DD}.Debug|iPhone.Deploy.0 = Debug|Any CPU
		{F4727D80-F629-4DCB-92E9-88A2093527DD}.Debug|iPhoneSimulator.ActiveCfg = Debug|Any CPU
		{F4727D80-F629-4DCB-92E9-88A2093527DD}.Debug|iPhoneSimulator.Build.0 = Debug|Any CPU
		{F4727D80-F629-4DCB-92E9-88A2093527DD}.Debug|iPhoneSimulator.Deploy.0 = Debug|Any CPU
		{F4727D80-F629-4DCB-92E9-88A2093527DD}.Release|Any CPU.ActiveCfg = Release|Any CPU
		{F4727D80-F629-4DCB-92E9-88A2093527DD}.Release|Any CPU.Build.0 = Release|Any CPU
		{F4727D80-F629-4DCB-92E9-88A2093527DD}.Release|Any CPU.Deploy.0 = Release|Any CPU
		{F4727D80-F629-4DCB-92E9-88A2093527DD}.Release|iPhone.ActiveCfg = Release|Any CPU
		{F4727D80-F629-4DCB-92E9-88A2093527DD}.Release|iPhone.Build.0 = Release|Any CPU
		{F4727D80-F629-4DCB-92E9-88A2093527DD}.Release|iPhone.Deploy.0 = Release|Any CPU
		{F4727D80-F629-4DCB-92E9-88A2093527DD}.Release|iPhoneSimulator.ActiveCfg = Release|Any CPU
		{F4727D80-F629-4DCB-92E9-88A2093527DD}.Release|iPhoneSimulator.Build.0 = Release|Any CPU
		{F4727D80-F629-4DCB-92E9-88A2093527DD}.Release|iPhoneSimulator.Deploy.0 = Release|Any CPU
		{C85D2616-80FB-48B5-B956-EC51F0AB226A}.Debug|Any CPU.ActiveCfg = Debug|iPhoneSimulator
		{C85D2616-80FB-48B5-B956-EC51F0AB226A}.Debug|Any CPU.Build.0 = Debug|iPhoneSimulator
		{C85D2616-80FB-48B5-B956-EC51F0AB226A}.Debug|Any CPU.Deploy.0 = Debug|iPhoneSimulator
		{C85D2616-80FB-48B5-B956-EC51F0AB226A}.Debug|iPhone.ActiveCfg = Debug|iPhone
		{C85D2616-80FB-48B5-B956-EC51F0AB226A}.Debug|iPhone.Build.0 = Debug|iPhone
		{C85D2616-80FB-48B5-B956-EC51F0AB226A}.Debug|iPhone.Deploy.0 = Debug|iPhone
		{C85D2616-80FB-48B5-B956-EC51F0AB226A}.Debug|iPhoneSimulator.ActiveCfg = Debug|iPhoneSimulator
		{C85D2616-80FB-48B5-B956-EC51F0AB226A}.Debug|iPhoneSimulator.Build.0 = Debug|iPhoneSimulator
		{C85D2616-80FB-48B5-B956-EC51F0AB226A}.Debug|iPhoneSimulator.Deploy.0 = Debug|iPhoneSimulator
		{C85D2616-80FB-48B5-B956-EC51F0AB226A}.Release|Any CPU.ActiveCfg = Release|iPhone
		{C85D2616-80FB-48B5-B956-EC51F0AB226A}.Release|Any CPU.Build.0 = Release|iPhone
		{C85D2616-80FB-48B5-B956-EC51F0AB226A}.Release|Any CPU.Deploy.0 = Release|iPhone
		{C85D2616-80FB-48B5-B956-EC51F0AB226A}.Release|iPhone.ActiveCfg = Release|iPhone
		{C85D2616-80FB-48B5-B956-EC51F0AB226A}.Release|iPhone.Build.0 = Release|iPhone
		{C85D2616-80FB-48B5-B956-EC51F0AB226A}.Release|iPhone.Deploy.0 = Release|iPhone
		{C85D2616-80FB-48B5-B956-EC51F0AB226A}.Release|iPhoneSimulator.ActiveCfg = Release|iPhoneSimulator
		{C85D2616-80FB-48B5-B956-EC51F0AB226A}.Release|iPhoneSimulator.Build.0 = Release|iPhoneSimulator
		{C85D2616-80FB-48B5-B956-EC51F0AB226A}.Release|iPhoneSimulator.Deploy.0 = Release|iPhoneSimulator
		{2EA09ED6-1916-4C57-BA0C-FCE765607A12}.Debug|Any CPU.ActiveCfg = Debug|Any CPU
		{2EA09ED6-1916-4C57-BA0C-FCE765607A12}.Debug|Any CPU.Build.0 = Debug|Any CPU
		{2EA09ED6-1916-4C57-BA0C-FCE765607A12}.Debug|Any CPU.Deploy.0 = Debug|Any CPU
		{2EA09ED6-1916-4C57-BA0C-FCE765607A12}.Debug|iPhone.ActiveCfg = Debug|Any CPU
		{2EA09ED6-1916-4C57-BA0C-FCE765607A12}.Debug|iPhone.Build.0 = Debug|Any CPU
		{2EA09ED6-1916-4C57-BA0C-FCE765607A12}.Debug|iPhone.Deploy.0 = Debug|Any CPU
		{2EA09ED6-1916-4C57-BA0C-FCE765607A12}.Debug|iPhoneSimulator.ActiveCfg = Debug|Any CPU
		{2EA09ED6-1916-4C57-BA0C-FCE765607A12}.Debug|iPhoneSimulator.Build.0 = Debug|Any CPU
		{2EA09ED6-1916-4C57-BA0C-FCE765607A12}.Debug|iPhoneSimulator.Deploy.0 = Debug|Any CPU
		{2EA09ED6-1916-4C57-BA0C-FCE765607A12}.Release|Any CPU.ActiveCfg = Release|Any CPU
		{2EA09ED6-1916-4C57-BA0C-FCE765607A12}.Release|Any CPU.Build.0 = Release|Any CPU
		{2EA09ED6-1916-4C57-BA0C-FCE765607A12}.Release|Any CPU.Deploy.0 = Release|Any CPU
		{2EA09ED6-1916-4C57-BA0C-FCE765607A12}.Release|iPhone.ActiveCfg = Release|Any CPU
		{2EA09ED6-1916-4C57-BA0C-FCE765607A12}.Release|iPhone.Build.0 = Release|Any CPU
		{2EA09ED6-1916-4C57-BA0C-FCE765607A12}.Release|iPhone.Deploy.0 = Release|Any CPU
		{2EA09ED6-1916-4C57-BA0C-FCE765607A12}.Release|iPhoneSimulator.ActiveCfg = Release|Any CPU
		{2EA09ED6-1916-4C57-BA0C-FCE765607A12}.Release|iPhoneSimulator.Build.0 = Release|Any CPU
		{2EA09ED6-1916-4C57-BA0C-FCE765607A12}.Release|iPhoneSimulator.Deploy.0 = Release|Any CPU
	EndGlobalSection
	GlobalSection(SolutionProperties) = preSolution
		HideSolutionNode = FALSE
	EndGlobalSection
	GlobalSection(ExtensibilityGlobals) = postSolution
		SolutionGuid = {136AA064-6D52-406B-AE97-55A41F9F67B0}
	EndGlobalSection
EndGlobal
