
Microsoft Visual Studio Solution File, Format Version 12.00
# Visual Studio Version 16
VisualStudioVersion = 16.0.30717.126
MinimumVisualStudioVersion = 10.0.40219.1
Project("{FAE04EC0-301F-11D3-BF4B-00C04F79EFBC}") = "App1.Android", "App1\App1.Android\App1.Android.csproj", "{D173FF4C-94F8-4EA9-9732-02FD3F05912C}"
EndProject
Project("{FAE04EC0-301F-11D3-BF4B-00C04F79EFBC}") = "App1.iOS", "App1\App1.iOS\App1.iOS.csproj", "{93472F40-98CB-49E2-89BB-01B37B29D94A}"
EndProject
Project("{FAE04EC0-301F-11D3-BF4B-00C04F79EFBC}") = "App1", "App1\App1\App1.csproj", "{88C46CBA-EDAF-4458-ADD7-D36D43A87EAF}"
EndProject
Global
	GlobalSection(SolutionConfigurationPlatforms) = preSolution
		Debug|Any CPU = Debug|Any CPU
		Debug|iPhone = Debug|iPhone
		Debug|iPhoneSimulator = Debug|iPhoneSimulator
		Release|Any CPU = Release|Any CPU
		Release|iPhone = Release|iPhone
		Release|iPhoneSimulator = Release|iPhoneSimulator
	EndGlobalSection
	GlobalSection(ProjectConfigurationPlatforms) = postSolution
		{D173FF4C-94F8-4EA9-9732-02FD3F05912C}.Debug|Any CPU.ActiveCfg = Debug|Any CPU
		{D173FF4C-94F8-4EA9-9732-02FD3F05912C}.Debug|Any CPU.Build.0 = Debug|Any CPU
		{D173FF4C-94F8-4EA9-9732-02FD3F05912C}.Debug|Any CPU.Deploy.0 = Debug|Any CPU
		{D173FF4C-94F8-4EA9-9732-02FD3F05912C}.Debug|iPhone.ActiveCfg = Debug|Any CPU
		{D173FF4C-94F8-4EA9-9732-02FD3F05912C}.Debug|iPhone.Build.0 = Debug|Any CPU
		{D173FF4C-94F8-4EA9-9732-02FD3F05912C}.Debug|iPhone.Deploy.0 = Debug|Any CPU
		{D173FF4C-94F8-4EA9-9732-02FD3F05912C}.Debug|iPhoneSimulator.ActiveCfg = Debug|Any CPU
		{D173FF4C-94F8-4EA9-9732-02FD3F05912C}.Debug|iPhoneSimulator.Build.0 = Debug|Any CPU
		{D173FF4C-94F8-4EA9-9732-02FD3F05912C}.Debug|iPhoneSimulator.Deploy.0 = Debug|Any CPU
		{D173FF4C-94F8-4EA9-9732-02FD3F05912C}.Release|Any CPU.ActiveCfg = Release|Any CPU
		{D173FF4C-94F8-4EA9-9732-02FD3F05912C}.Release|Any CPU.Build.0 = Release|Any CPU
		{D173FF4C-94F8-4EA9-9732-02FD3F05912C}.Release|Any CPU.Deploy.0 = Release|Any CPU
		{D173FF4C-94F8-4EA9-9732-02FD3F05912C}.Release|iPhone.ActiveCfg = Release|Any CPU
		{D173FF4C-94F8-4EA9-9732-02FD3F05912C}.Release|iPhone.Build.0 = Release|Any CPU
		{D173FF4C-94F8-4EA9-9732-02FD3F05912C}.Release|iPhone.Deploy.0 = Release|Any CPU
		{D173FF4C-94F8-4EA9-9732-02FD3F05912C}.Release|iPhoneSimulator.ActiveCfg = Release|Any CPU
		{D173FF4C-94F8-4EA9-9732-02FD3F05912C}.Release|iPhoneSimulator.Build.0 = Release|Any CPU
		{D173FF4C-94F8-4EA9-9732-02FD3F05912C}.Release|iPhoneSimulator.Deploy.0 = Release|Any CPU
		{93472F40-98CB-49E2-89BB-01B37B29D94A}.Debug|Any CPU.ActiveCfg = Debug|iPhone
		{93472F40-98CB-49E2-89BB-01B37B29D94A}.Debug|Any CPU.Build.0 = Debug|iPhone
		{93472F40-98CB-49E2-89BB-01B37B29D94A}.Debug|Any CPU.Deploy.0 = Debug|iPhone
		{93472F40-98CB-49E2-89BB-01B37B29D94A}.Debug|iPhone.ActiveCfg = Debug|iPhone
		{93472F40-98CB-49E2-89BB-01B37B29D94A}.Debug|iPhone.Build.0 = Debug|iPhone
		{93472F40-98CB-49E2-89BB-01B37B29D94A}.Debug|iPhone.Deploy.0 = Debug|iPhone
		{93472F40-98CB-49E2-89BB-01B37B29D94A}.Debug|iPhoneSimulator.ActiveCfg = Debug|iPhoneSimulator
		{93472F40-98CB-49E2-89BB-01B37B29D94A}.Debug|iPhoneSimulator.Build.0 = Debug|iPhoneSimulator
		{93472F40-98CB-49E2-89BB-01B37B29D94A}.Debug|iPhoneSimulator.Deploy.0 = Debug|iPhoneSimulator
		{93472F40-98CB-49E2-89BB-01B37B29D94A}.Release|Any CPU.ActiveCfg = Release|iPhoneSimulator
		{93472F40-98CB-49E2-89BB-01B37B29D94A}.Release|Any CPU.Build.0 = Release|iPhoneSimulator
		{93472F40-98CB-49E2-89BB-01B37B29D94A}.Release|Any CPU.Deploy.0 = Release|iPhoneSimulator
		{93472F40-98CB-49E2-89BB-01B37B29D94A}.Release|iPhone.ActiveCfg = Release|iPhone
		{93472F40-98CB-49E2-89BB-01B37B29D94A}.Release|iPhone.Build.0 = Release|iPhone
		{93472F40-98CB-49E2-89BB-01B37B29D94A}.Release|iPhone.Deploy.0 = Release|iPhone
		{93472F40-98CB-49E2-89BB-01B37B29D94A}.Release|iPhoneSimulator.ActiveCfg = Release|iPhoneSimulator
		{93472F40-98CB-49E2-89BB-01B37B29D94A}.Release|iPhoneSimulator.Build.0 = Release|iPhoneSimulator
		{93472F40-98CB-49E2-89BB-01B37B29D94A}.Release|iPhoneSimulator.Deploy.0 = Release|iPhoneSimulator
		{88C46CBA-EDAF-4458-ADD7-D36D43A87EAF}.Debug|Any CPU.ActiveCfg = Debug|Any CPU
		{88C46CBA-EDAF-4458-ADD7-D36D43A87EAF}.Debug|Any CPU.Build.0 = Debug|Any CPU
		{88C46CBA-EDAF-4458-ADD7-D36D43A87EAF}.Debug|Any CPU.Deploy.0 = Debug|Any CPU
		{88C46CBA-EDAF-4458-ADD7-D36D43A87EAF}.Debug|iPhone.ActiveCfg = Debug|Any CPU
		{88C46CBA-EDAF-4458-ADD7-D36D43A87EAF}.Debug|iPhone.Build.0 = Debug|Any CPU
		{88C46CBA-EDAF-4458-ADD7-D36D43A87EAF}.Debug|iPhone.Deploy.0 = Debug|Any CPU
		{88C46CBA-EDAF-4458-ADD7-D36D43A87EAF}.Debug|iPhoneSimulator.ActiveCfg = Debug|Any CPU
		{88C46CBA-EDAF-4458-ADD7-D36D43A87EAF}.Debug|iPhoneSimulator.Build.0 = Debug|Any CPU
		{88C46CBA-EDAF-4458-ADD7-D36D43A87EAF}.Debug|iPhoneSimulator.Deploy.0 = Debug|Any CPU
		{88C46CBA-EDAF-4458-ADD7-D36D43A87EAF}.Release|Any CPU.ActiveCfg = Release|Any CPU
		{88C46CBA-EDAF-4458-ADD7-D36D43A87EAF}.Release|Any CPU.Build.0 = Release|Any CPU
		{88C46CBA-EDAF-4458-ADD7-D36D43A87EAF}.Release|Any CPU.Deploy.0 = Release|Any CPU
		{88C46CBA-EDAF-4458-ADD7-D36D43A87EAF}.Release|iPhone.ActiveCfg = Release|Any CPU
		{88C46CBA-EDAF-4458-ADD7-D36D43A87EAF}.Release|iPhone.Build.0 = Release|Any CPU
		{88C46CBA-EDAF-4458-ADD7-D36D43A87EAF}.Release|iPhone.Deploy.0 = Release|Any CPU
		{88C46CBA-EDAF-4458-ADD7-D36D43A87EAF}.Release|iPhoneSimulator.ActiveCfg = Release|Any CPU
		{88C46CBA-EDAF-4458-ADD7-D36D43A87EAF}.Release|iPhoneSimulator.Build.0 = Release|Any CPU
		{88C46CBA-EDAF-4458-ADD7-D36D43A87EAF}.Release|iPhoneSimulator.Deploy.0 = Release|Any CPU
	EndGlobalSection
	GlobalSection(SolutionProperties) = preSolution
		HideSolutionNode = FALSE
	EndGlobalSection
	GlobalSection(ExtensibilityGlobals) = postSolution
		SolutionGuid = {BE13F8AB-A72C-455C-AB50-A370B9487F08}
	EndGlobalSection
EndGlobal
